// !$*UTF8*$!
{
	archiveVersion = 1;
	classes = {
	};
	objectVersion = 56;
	objects = {

/* Begin PBXBuildFile section */
		D7941CEB2A25F09300E1F7CA /* Test.swift in Sources */ = {isa = PBXBuildFile; fileRef = D7941CEA2A25F09300E1F7CA /* Test.swift */; };
		D798C5262A29930800F7ECE4 /* Friend.swift in Sources */ = {isa = PBXBuildFile; fileRef = D798C5252A29930800F7ECE4 /* Friend.swift */; };
		D798C5282A29977800F7ECE4 /* Image.swift in Sources */ = {isa = PBXBuildFile; fileRef = D798C5272A29977800F7ECE4 /* Image.swift */; };
		D79A0C792A1F580000401BA0 /* CameraView.swift in Sources */ = {isa = PBXBuildFile; fileRef = D79A0C782A1F580000401BA0 /* CameraView.swift */; };
		D79A0C7B2A1F582800401BA0 /* CameraModel.swift in Sources */ = {isa = PBXBuildFile; fileRef = D79A0C7A2A1F582800401BA0 /* CameraModel.swift */; };
		D79A0C7D2A1F584700401BA0 /* CameraViewModel.swift in Sources */ = {isa = PBXBuildFile; fileRef = D79A0C7C2A1F584700401BA0 /* CameraViewModel.swift */; };
		D79A0C7F2A1F587300401BA0 /* GalleryView.swift in Sources */ = {isa = PBXBuildFile; fileRef = D79A0C7E2A1F587300401BA0 /* GalleryView.swift */; };
		D79A0C812A1F589400401BA0 /* RoomCreateView.swift in Sources */ = {isa = PBXBuildFile; fileRef = D79A0C802A1F589400401BA0 /* RoomCreateView.swift */; };
		D79A0C832A1F58A900401BA0 /* RoomView.swift in Sources */ = {isa = PBXBuildFile; fileRef = D79A0C822A1F58A900401BA0 /* RoomView.swift */; };
		D79C2E002A305988005573A4 /* FriendGalleryView.swift in Sources */ = {isa = PBXBuildFile; fileRef = D79C2DFF2A305988005573A4 /* FriendGalleryView.swift */; };
		D79C35DE2A1E0FBC00FAF987 /* MCCameraApp.swift in Sources */ = {isa = PBXBuildFile; fileRef = D79C35DD2A1E0FBC00FAF987 /* MCCameraApp.swift */; };
		D79C35E22A1E0FBC00FAF987 /* Assets.xcassets in Resources */ = {isa = PBXBuildFile; fileRef = D79C35E12A1E0FBC00FAF987 /* Assets.xcassets */; };
		D79C35E52A1E0FBC00FAF987 /* Preview Assets.xcassets in Resources */ = {isa = PBXBuildFile; fileRef = D79C35E42A1E0FBC00FAF987 /* Preview Assets.xcassets */; };
		D79C35EF2A1E0FBD00FAF987 /* MCCameraTests.swift in Sources */ = {isa = PBXBuildFile; fileRef = D79C35EE2A1E0FBD00FAF987 /* MCCameraTests.swift */; };
		D79C35F92A1E0FBD00FAF987 /* MCCameraUITests.swift in Sources */ = {isa = PBXBuildFile; fileRef = D79C35F82A1E0FBD00FAF987 /* MCCameraUITests.swift */; };
		D79C35FB2A1E0FBD00FAF987 /* MCCameraUITestsLaunchTests.swift in Sources */ = {isa = PBXBuildFile; fileRef = D79C35FA2A1E0FBD00FAF987 /* MCCameraUITestsLaunchTests.swift */; };
		D79C360C2A1E11C200FAF987 /* MCSession.swift in Sources */ = {isa = PBXBuildFile; fileRef = D79C360B2A1E11C200FAF987 /* MCSession.swift */; };
		D79C36122A1E128200FAF987 /* PairView.swift in Sources */ = {isa = PBXBuildFile; fileRef = D79C36112A1E128200FAF987 /* PairView.swift */; };
		D79C36142A1E12D900FAF987 /* StartView.swift in Sources */ = {isa = PBXBuildFile; fileRef = D79C36132A1E12D900FAF987 /* StartView.swift */; };
		D7F3AE992A2C71A5004A2857 /* Theme.swift in Sources */ = {isa = PBXBuildFile; fileRef = D7F3AE982A2C71A5004A2857 /* Theme.swift */; };
/* End PBXBuildFile section */

/* Begin PBXContainerItemProxy section */
		D79C35EB2A1E0FBD00FAF987 /* PBXContainerItemProxy */ = {
			isa = PBXContainerItemProxy;
			containerPortal = D79C35D22A1E0FBC00FAF987 /* Project object */;
			proxyType = 1;
			remoteGlobalIDString = D79C35D92A1E0FBC00FAF987;
			remoteInfo = MCCamera;
		};
		D79C35F52A1E0FBD00FAF987 /* PBXContainerItemProxy */ = {
			isa = PBXContainerItemProxy;
			containerPortal = D79C35D22A1E0FBC00FAF987 /* Project object */;
			proxyType = 1;
			remoteGlobalIDString = D79C35D92A1E0FBC00FAF987;
			remoteInfo = MCCamera;
		};
/* End PBXContainerItemProxy section */

/* Begin PBXFileReference section */
		D7941CEA2A25F09300E1F7CA /* Test.swift */ = {isa = PBXFileReference; lastKnownFileType = sourcecode.swift; path = Test.swift; sourceTree = "<group>"; };
		D798C5252A29930800F7ECE4 /* Friend.swift */ = {isa = PBXFileReference; lastKnownFileType = sourcecode.swift; path = Friend.swift; sourceTree = "<group>"; };
		D798C5272A29977800F7ECE4 /* Image.swift */ = {isa = PBXFileReference; lastKnownFileType = sourcecode.swift; path = Image.swift; sourceTree = "<group>"; };
		D79A0C782A1F580000401BA0 /* CameraView.swift */ = {isa = PBXFileReference; lastKnownFileType = sourcecode.swift; path = CameraView.swift; sourceTree = "<group>"; };
		D79A0C7A2A1F582800401BA0 /* CameraModel.swift */ = {isa = PBXFileReference; lastKnownFileType = sourcecode.swift; path = CameraModel.swift; sourceTree = "<group>"; };
		D79A0C7C2A1F584700401BA0 /* CameraViewModel.swift */ = {isa = PBXFileReference; lastKnownFileType = sourcecode.swift; path = CameraViewModel.swift; sourceTree = "<group>"; };
		D79A0C7E2A1F587300401BA0 /* GalleryView.swift */ = {isa = PBXFileReference; lastKnownFileType = sourcecode.swift; path = GalleryView.swift; sourceTree = "<group>"; };
		D79A0C802A1F589400401BA0 /* RoomCreateView.swift */ = {isa = PBXFileReference; lastKnownFileType = sourcecode.swift; path = RoomCreateView.swift; sourceTree = "<group>"; };
		D79A0C822A1F58A900401BA0 /* RoomView.swift */ = {isa = PBXFileReference; lastKnownFileType = sourcecode.swift; path = RoomView.swift; sourceTree = "<group>"; };
		D79C2DFF2A305988005573A4 /* FriendGalleryView.swift */ = {isa = PBXFileReference; lastKnownFileType = sourcecode.swift; path = FriendGalleryView.swift; sourceTree = "<group>"; };
		D79C35DA2A1E0FBC00FAF987 /* MCCamera.app */ = {isa = PBXFileReference; explicitFileType = wrapper.application; includeInIndex = 0; path = MCCamera.app; sourceTree = BUILT_PRODUCTS_DIR; };
		D79C35DD2A1E0FBC00FAF987 /* MCCameraApp.swift */ = {isa = PBXFileReference; lastKnownFileType = sourcecode.swift; path = MCCameraApp.swift; sourceTree = "<group>"; };
		D79C35E12A1E0FBC00FAF987 /* Assets.xcassets */ = {isa = PBXFileReference; lastKnownFileType = folder.assetcatalog; path = Assets.xcassets; sourceTree = "<group>"; };
		D79C35E42A1E0FBC00FAF987 /* Preview Assets.xcassets */ = {isa = PBXFileReference; lastKnownFileType = folder.assetcatalog; path = "Preview Assets.xcassets"; sourceTree = "<group>"; };
		D79C35EA2A1E0FBD00FAF987 /* MCCameraTests.xctest */ = {isa = PBXFileReference; explicitFileType = wrapper.cfbundle; includeInIndex = 0; path = MCCameraTests.xctest; sourceTree = BUILT_PRODUCTS_DIR; };
		D79C35EE2A1E0FBD00FAF987 /* MCCameraTests.swift */ = {isa = PBXFileReference; lastKnownFileType = sourcecode.swift; path = MCCameraTests.swift; sourceTree = "<group>"; };
		D79C35F42A1E0FBD00FAF987 /* MCCameraUITests.xctest */ = {isa = PBXFileReference; explicitFileType = wrapper.cfbundle; includeInIndex = 0; path = MCCameraUITests.xctest; sourceTree = BUILT_PRODUCTS_DIR; };
		D79C35F82A1E0FBD00FAF987 /* MCCameraUITests.swift */ = {isa = PBXFileReference; lastKnownFileType = sourcecode.swift; path = MCCameraUITests.swift; sourceTree = "<group>"; };
		D79C35FA2A1E0FBD00FAF987 /* MCCameraUITestsLaunchTests.swift */ = {isa = PBXFileReference; lastKnownFileType = sourcecode.swift; path = MCCameraUITestsLaunchTests.swift; sourceTree = "<group>"; };
		D79C360A2A1E10B200FAF987 /* Info.plist */ = {isa = PBXFileReference; lastKnownFileType = text.plist; path = Info.plist; sourceTree = "<group>"; };
		D79C360B2A1E11C200FAF987 /* MCSession.swift */ = {isa = PBXFileReference; lastKnownFileType = sourcecode.swift; path = MCSession.swift; sourceTree = "<group>"; };
		D79C36112A1E128200FAF987 /* PairView.swift */ = {isa = PBXFileReference; lastKnownFileType = sourcecode.swift; path = PairView.swift; sourceTree = "<group>"; };
		D79C36132A1E12D900FAF987 /* StartView.swift */ = {isa = PBXFileReference; lastKnownFileType = sourcecode.swift; path = StartView.swift; sourceTree = "<group>"; };
		D7F3AE982A2C71A5004A2857 /* Theme.swift */ = {isa = PBXFileReference; lastKnownFileType = sourcecode.swift; path = Theme.swift; sourceTree = "<group>"; };
/* End PBXFileReference section */

/* Begin PBXFrameworksBuildPhase section */
		D79C35D72A1E0FBC00FAF987 /* Frameworks */ = {
			isa = PBXFrameworksBuildPhase;
			buildActionMask = 2147483647;
			files = (
			);
			runOnlyForDeploymentPostprocessing = 0;
		};
		D79C35E72A1E0FBD00FAF987 /* Frameworks */ = {
			isa = PBXFrameworksBuildPhase;
			buildActionMask = 2147483647;
			files = (
			);
			runOnlyForDeploymentPostprocessing = 0;
		};
		D79C35F12A1E0FBD00FAF987 /* Frameworks */ = {
			isa = PBXFrameworksBuildPhase;
			buildActionMask = 2147483647;
			files = (
			);
			runOnlyForDeploymentPostprocessing = 0;
		};
/* End PBXFrameworksBuildPhase section */

/* Begin PBXGroup section */
		D79C35D12A1E0FBC00FAF987 = {
			isa = PBXGroup;
			children = (
				D79C35DC2A1E0FBC00FAF987 /* MCCamera */,
				D79C35ED2A1E0FBD00FAF987 /* MCCameraTests */,
				D79C35F72A1E0FBD00FAF987 /* MCCameraUITests */,
				D79C35DB2A1E0FBC00FAF987 /* Products */,
			);
			sourceTree = "<group>";
		};
		D79C35DB2A1E0FBC00FAF987 /* Products */ = {
			isa = PBXGroup;
			children = (
				D79C35DA2A1E0FBC00FAF987 /* MCCamera.app */,
				D79C35EA2A1E0FBD00FAF987 /* MCCameraTests.xctest */,
				D79C35F42A1E0FBD00FAF987 /* MCCameraUITests.xctest */,
			);
			name = Products;
			sourceTree = "<group>";
		};
		D79C35DC2A1E0FBC00FAF987 /* MCCamera */ = {
			isa = PBXGroup;
			children = (
				D79C360A2A1E10B200FAF987 /* Info.plist */,
				D79C36092A1E106200FAF987 /* ViewModel */,
				D79C36082A1E105C00FAF987 /* Model */,
				D79C36072A1E0FD500FAF987 /* View */,
				D79C35DD2A1E0FBC00FAF987 /* MCCameraApp.swift */,
				D79C35E12A1E0FBC00FAF987 /* Assets.xcassets */,
				D79C35E32A1E0FBC00FAF987 /* Preview Content */,
			);
			path = MCCamera;
			sourceTree = "<group>";
		};
		D79C35E32A1E0FBC00FAF987 /* Preview Content */ = {
			isa = PBXGroup;
			children = (
				D79C35E42A1E0FBC00FAF987 /* Preview Assets.xcassets */,
			);
			path = "Preview Content";
			sourceTree = "<group>";
		};
		D79C35ED2A1E0FBD00FAF987 /* MCCameraTests */ = {
			isa = PBXGroup;
			children = (
				D79C35EE2A1E0FBD00FAF987 /* MCCameraTests.swift */,
			);
			path = MCCameraTests;
			sourceTree = "<group>";
		};
		D79C35F72A1E0FBD00FAF987 /* MCCameraUITests */ = {
			isa = PBXGroup;
			children = (
				D79C35F82A1E0FBD00FAF987 /* MCCameraUITests.swift */,
				D79C35FA2A1E0FBD00FAF987 /* MCCameraUITestsLaunchTests.swift */,
			);
			path = MCCameraUITests;
			sourceTree = "<group>";
		};
		D79C36072A1E0FD500FAF987 /* View */ = {
			isa = PBXGroup;
			children = (
				D79C36112A1E128200FAF987 /* PairView.swift */,
				D79C36132A1E12D900FAF987 /* StartView.swift */,
				D79A0C782A1F580000401BA0 /* CameraView.swift */,
				D79A0C7E2A1F587300401BA0 /* GalleryView.swift */,
				D79A0C822A1F58A900401BA0 /* RoomView.swift */,
				D79C2DFF2A305988005573A4 /* FriendGalleryView.swift */,
				D79A0C802A1F589400401BA0 /* RoomCreateView.swift */,
				D7941CEA2A25F09300E1F7CA /* Test.swift */,
			);
			path = View;
			sourceTree = "<group>";
		};
		D79C36082A1E105C00FAF987 /* Model */ = {
			isa = PBXGroup;
			children = (
				D79C360B2A1E11C200FAF987 /* MCSession.swift */,
				D79A0C7A2A1F582800401BA0 /* CameraModel.swift */,
				D798C5252A29930800F7ECE4 /* Friend.swift */,
				D798C5272A29977800F7ECE4 /* Image.swift */,
				D7F3AE982A2C71A5004A2857 /* Theme.swift */,
			);
			path = Model;
			sourceTree = "<group>";
		};
		D79C36092A1E106200FAF987 /* ViewModel */ = {
			isa = PBXGroup;
			children = (
				D79A0C7C2A1F584700401BA0 /* CameraViewModel.swift */,
			);
			path = ViewModel;
			sourceTree = "<group>";
		};
/* End PBXGroup section */

/* Begin PBXNativeTarget section */
		D79C35D92A1E0FBC00FAF987 /* MCCamera */ = {
			isa = PBXNativeTarget;
			buildConfigurationList = D79C35FE2A1E0FBD00FAF987 /* Build configuration list for PBXNativeTarget "MCCamera" */;
			buildPhases = (
				D79C35D62A1E0FBC00FAF987 /* Sources */,
				D79C35D72A1E0FBC00FAF987 /* Frameworks */,
				D79C35D82A1E0FBC00FAF987 /* Resources */,
			);
			buildRules = (
			);
			dependencies = (
			);
			name = MCCamera;
			productName = MCCamera;
			productReference = D79C35DA2A1E0FBC00FAF987 /* MCCamera.app */;
			productType = "com.apple.product-type.application";
		};
		D79C35E92A1E0FBD00FAF987 /* MCCameraTests */ = {
			isa = PBXNativeTarget;
			buildConfigurationList = D79C36012A1E0FBD00FAF987 /* Build configuration list for PBXNativeTarget "MCCameraTests" */;
			buildPhases = (
				D79C35E62A1E0FBD00FAF987 /* Sources */,
				D79C35E72A1E0FBD00FAF987 /* Frameworks */,
				D79C35E82A1E0FBD00FAF987 /* Resources */,
			);
			buildRules = (
			);
			dependencies = (
				D79C35EC2A1E0FBD00FAF987 /* PBXTargetDependency */,
			);
			name = MCCameraTests;
			productName = MCCameraTests;
			productReference = D79C35EA2A1E0FBD00FAF987 /* MCCameraTests.xctest */;
			productType = "com.apple.product-type.bundle.unit-test";
		};
		D79C35F32A1E0FBD00FAF987 /* MCCameraUITests */ = {
			isa = PBXNativeTarget;
			buildConfigurationList = D79C36042A1E0FBD00FAF987 /* Build configuration list for PBXNativeTarget "MCCameraUITests" */;
			buildPhases = (
				D79C35F02A1E0FBD00FAF987 /* Sources */,
				D79C35F12A1E0FBD00FAF987 /* Frameworks */,
				D79C35F22A1E0FBD00FAF987 /* Resources */,
			);
			buildRules = (
			);
			dependencies = (
				D79C35F62A1E0FBD00FAF987 /* PBXTargetDependency */,
			);
			name = MCCameraUITests;
			productName = MCCameraUITests;
			productReference = D79C35F42A1E0FBD00FAF987 /* MCCameraUITests.xctest */;
			productType = "com.apple.product-type.bundle.ui-testing";
		};
/* End PBXNativeTarget section */

/* Begin PBXProject section */
		D79C35D22A1E0FBC00FAF987 /* Project object */ = {
			isa = PBXProject;
			attributes = {
				BuildIndependentTargetsInParallel = 1;
				LastSwiftUpdateCheck = 1430;
				LastUpgradeCheck = 1430;
				TargetAttributes = {
					D79C35D92A1E0FBC00FAF987 = {
						CreatedOnToolsVersion = 14.3;
					};
					D79C35E92A1E0FBD00FAF987 = {
						CreatedOnToolsVersion = 14.3;
						TestTargetID = D79C35D92A1E0FBC00FAF987;
					};
					D79C35F32A1E0FBD00FAF987 = {
						CreatedOnToolsVersion = 14.3;
						TestTargetID = D79C35D92A1E0FBC00FAF987;
					};
				};
			};
			buildConfigurationList = D79C35D52A1E0FBC00FAF987 /* Build configuration list for PBXProject "MCCamera" */;
			compatibilityVersion = "Xcode 14.0";
			developmentRegion = en;
			hasScannedForEncodings = 0;
			knownRegions = (
				en,
				Base,
			);
			mainGroup = D79C35D12A1E0FBC00FAF987;
			productRefGroup = D79C35DB2A1E0FBC00FAF987 /* Products */;
			projectDirPath = "";
			projectRoot = "";
			targets = (
				D79C35D92A1E0FBC00FAF987 /* MCCamera */,
				D79C35E92A1E0FBD00FAF987 /* MCCameraTests */,
				D79C35F32A1E0FBD00FAF987 /* MCCameraUITests */,
			);
		};
/* End PBXProject section */

/* Begin PBXResourcesBuildPhase section */
		D79C35D82A1E0FBC00FAF987 /* Resources */ = {
			isa = PBXResourcesBuildPhase;
			buildActionMask = 2147483647;
			files = (
				D79C35E52A1E0FBC00FAF987 /* Preview Assets.xcassets in Resources */,
				D79C35E22A1E0FBC00FAF987 /* Assets.xcassets in Resources */,
			);
			runOnlyForDeploymentPostprocessing = 0;
		};
		D79C35E82A1E0FBD00FAF987 /* Resources */ = {
			isa = PBXResourcesBuildPhase;
			buildActionMask = 2147483647;
			files = (
			);
			runOnlyForDeploymentPostprocessing = 0;
		};
		D79C35F22A1E0FBD00FAF987 /* Resources */ = {
			isa = PBXResourcesBuildPhase;
			buildActionMask = 2147483647;
			files = (
			);
			runOnlyForDeploymentPostprocessing = 0;
		};
/* End PBXResourcesBuildPhase section */

/* Begin PBXSourcesBuildPhase section */
		D79C35D62A1E0FBC00FAF987 /* Sources */ = {
			isa = PBXSourcesBuildPhase;
			buildActionMask = 2147483647;
			files = (
				D79C36122A1E128200FAF987 /* PairView.swift in Sources */,
				D79C36142A1E12D900FAF987 /* StartView.swift in Sources */,
				D79C360C2A1E11C200FAF987 /* MCSession.swift in Sources */,
				D798C5262A29930800F7ECE4 /* Friend.swift in Sources */,
				D79A0C792A1F580000401BA0 /* CameraView.swift in Sources */,
				D79A0C7D2A1F584700401BA0 /* CameraViewModel.swift in Sources */,
				D798C5282A29977800F7ECE4 /* Image.swift in Sources */,
				D7941CEB2A25F09300E1F7CA /* Test.swift in Sources */,
				D79C35DE2A1E0FBC00FAF987 /* MCCameraApp.swift in Sources */,
				D79C2E002A305988005573A4 /* FriendGalleryView.swift in Sources */,
				D79A0C812A1F589400401BA0 /* RoomCreateView.swift in Sources */,
				D79A0C832A1F58A900401BA0 /* RoomView.swift in Sources */,
				D79A0C7F2A1F587300401BA0 /* GalleryView.swift in Sources */,
				D79A0C7B2A1F582800401BA0 /* CameraModel.swift in Sources */,
				D7F3AE992A2C71A5004A2857 /* Theme.swift in Sources */,
			);
			runOnlyForDeploymentPostprocessing = 0;
		};
		D79C35E62A1E0FBD00FAF987 /* Sources */ = {
			isa = PBXSourcesBuildPhase;
			buildActionMask = 2147483647;
			files = (
				D79C35EF2A1E0FBD00FAF987 /* MCCameraTests.swift in Sources */,
			);
			runOnlyForDeploymentPostprocessing = 0;
		};
		D79C35F02A1E0FBD00FAF987 /* Sources */ = {
			isa = PBXSourcesBuildPhase;
			buildActionMask = 2147483647;
			files = (
				D79C35FB2A1E0FBD00FAF987 /* MCCameraUITestsLaunchTests.swift in Sources */,
				D79C35F92A1E0FBD00FAF987 /* MCCameraUITests.swift in Sources */,
			);
			runOnlyForDeploymentPostprocessing = 0;
		};
/* End PBXSourcesBuildPhase section */

/* Begin PBXTargetDependency section */
		D79C35EC2A1E0FBD00FAF987 /* PBXTargetDependency */ = {
			isa = PBXTargetDependency;
			target = D79C35D92A1E0FBC00FAF987 /* MCCamera */;
			targetProxy = D79C35EB2A1E0FBD00FAF987 /* PBXContainerItemProxy */;
		};
		D79C35F62A1E0FBD00FAF987 /* PBXTargetDependency */ = {
			isa = PBXTargetDependency;
			target = D79C35D92A1E0FBC00FAF987 /* MCCamera */;
			targetProxy = D79C35F52A1E0FBD00FAF987 /* PBXContainerItemProxy */;
		};
/* End PBXTargetDependency section */

/* Begin XCBuildConfiguration section */
		D79C35FC2A1E0FBD00FAF987 /* Debug */ = {
			isa = XCBuildConfiguration;
			buildSettings = {
				ALWAYS_SEARCH_USER_PATHS = NO;
				CLANG_ANALYZER_NONNULL = YES;
				CLANG_ANALYZER_NUMBER_OBJECT_CONVERSION = YES_AGGRESSIVE;
				CLANG_CXX_LANGUAGE_STANDARD = "gnu++20";
				CLANG_ENABLE_MODULES = YES;
				CLANG_ENABLE_OBJC_ARC = YES;
				CLANG_ENABLE_OBJC_WEAK = YES;
				CLANG_WARN_BLOCK_CAPTURE_AUTORELEASING = YES;
				CLANG_WARN_BOOL_CONVERSION = YES;
				CLANG_WARN_COMMA = YES;
				CLANG_WARN_CONSTANT_CONVERSION = YES;
				CLANG_WARN_DEPRECATED_OBJC_IMPLEMENTATIONS = YES;
				CLANG_WARN_DIRECT_OBJC_ISA_USAGE = YES_ERROR;
				CLANG_WARN_DOCUMENTATION_COMMENTS = YES;
				CLANG_WARN_EMPTY_BODY = YES;
				CLANG_WARN_ENUM_CONVERSION = YES;
				CLANG_WARN_INFINITE_RECURSION = YES;
				CLANG_WARN_INT_CONVERSION = YES;
				CLANG_WARN_NON_LITERAL_NULL_CONVERSION = YES;
				CLANG_WARN_OBJC_IMPLICIT_RETAIN_SELF = YES;
				CLANG_WARN_OBJC_LITERAL_CONVERSION = YES;
				CLANG_WARN_OBJC_ROOT_CLASS = YES_ERROR;
				CLANG_WARN_QUOTED_INCLUDE_IN_FRAMEWORK_HEADER = YES;
				CLANG_WARN_RANGE_LOOP_ANALYSIS = YES;
				CLANG_WARN_STRICT_PROTOTYPES = YES;
				CLANG_WARN_SUSPICIOUS_MOVE = YES;
				CLANG_WARN_UNGUARDED_AVAILABILITY = YES_AGGRESSIVE;
				CLANG_WARN_UNREACHABLE_CODE = YES;
				CLANG_WARN__DUPLICATE_METHOD_MATCH = YES;
				COPY_PHASE_STRIP = NO;
				DEBUG_INFORMATION_FORMAT = dwarf;
				ENABLE_STRICT_OBJC_MSGSEND = YES;
				ENABLE_TESTABILITY = YES;
				GCC_C_LANGUAGE_STANDARD = gnu11;
				GCC_DYNAMIC_NO_PIC = NO;
				GCC_NO_COMMON_BLOCKS = YES;
				GCC_OPTIMIZATION_LEVEL = 0;
				GCC_PREPROCESSOR_DEFINITIONS = (
					"DEBUG=1",
					"$(inherited)",
				);
				GCC_WARN_64_TO_32_BIT_CONVERSION = YES;
				GCC_WARN_ABOUT_RETURN_TYPE = YES_ERROR;
				GCC_WARN_UNDECLARED_SELECTOR = YES;
				GCC_WARN_UNINITIALIZED_AUTOS = YES_AGGRESSIVE;
				GCC_WARN_UNUSED_FUNCTION = YES;
				GCC_WARN_UNUSED_VARIABLE = YES;
				IPHONEOS_DEPLOYMENT_TARGET = 16.4;
				MTL_ENABLE_DEBUG_INFO = INCLUDE_SOURCE;
				MTL_FAST_MATH = YES;
				ONLY_ACTIVE_ARCH = YES;
				SDKROOT = iphoneos;
				SWIFT_ACTIVE_COMPILATION_CONDITIONS = DEBUG;
				SWIFT_OPTIMIZATION_LEVEL = "-Onone";
			};
			name = Debug;
		};
		D79C35FD2A1E0FBD00FAF987 /* Release */ = {
			isa = XCBuildConfiguration;
			buildSettings = {
				ALWAYS_SEARCH_USER_PATHS = NO;
				CLANG_ANALYZER_NONNULL = YES;
				CLANG_ANALYZER_NUMBER_OBJECT_CONVERSION = YES_AGGRESSIVE;
				CLANG_CXX_LANGUAGE_STANDARD = "gnu++20";
				CLANG_ENABLE_MODULES = YES;
				CLANG_ENABLE_OBJC_ARC = YES;
				CLANG_ENABLE_OBJC_WEAK = YES;
				CLANG_WARN_BLOCK_CAPTURE_AUTORELEASING = YES;
				CLANG_WARN_BOOL_CONVERSION = YES;
				CLANG_WARN_COMMA = YES;
				CLANG_WARN_CONSTANT_CONVERSION = YES;
				CLANG_WARN_DEPRECATED_OBJC_IMPLEMENTATIONS = YES;
				CLANG_WARN_DIRECT_OBJC_ISA_USAGE = YES_ERROR;
				CLANG_WARN_DOCUMENTATION_COMMENTS = YES;
				CLANG_WARN_EMPTY_BODY = YES;
				CLANG_WARN_ENUM_CONVERSION = YES;
				CLANG_WARN_INFINITE_RECURSION = YES;
				CLANG_WARN_INT_CONVERSION = YES;
				CLANG_WARN_NON_LITERAL_NULL_CONVERSION = YES;
				CLANG_WARN_OBJC_IMPLICIT_RETAIN_SELF = YES;
				CLANG_WARN_OBJC_LITERAL_CONVERSION = YES;
				CLANG_WARN_OBJC_ROOT_CLASS = YES_ERROR;
				CLANG_WARN_QUOTED_INCLUDE_IN_FRAMEWORK_HEADER = YES;
				CLANG_WARN_RANGE_LOOP_ANALYSIS = YES;
				CLANG_WARN_STRICT_PROTOTYPES = YES;
				CLANG_WARN_SUSPICIOUS_MOVE = YES;
				CLANG_WARN_UNGUARDED_AVAILABILITY = YES_AGGRESSIVE;
				CLANG_WARN_UNREACHABLE_CODE = YES;
				CLANG_WARN__DUPLICATE_METHOD_MATCH = YES;
				COPY_PHASE_STRIP = NO;
				DEBUG_INFORMATION_FORMAT = "dwarf-with-dsym";
				ENABLE_NS_ASSERTIONS = NO;
				ENABLE_STRICT_OBJC_MSGSEND = YES;
				GCC_C_LANGUAGE_STANDARD = gnu11;
				GCC_NO_COMMON_BLOCKS = YES;
				GCC_WARN_64_TO_32_BIT_CONVERSION = YES;
				GCC_WARN_ABOUT_RETURN_TYPE = YES_ERROR;
				GCC_WARN_UNDECLARED_SELECTOR = YES;
				GCC_WARN_UNINITIALIZED_AUTOS = YES_AGGRESSIVE;
				GCC_WARN_UNUSED_FUNCTION = YES;
				GCC_WARN_UNUSED_VARIABLE = YES;
				IPHONEOS_DEPLOYMENT_TARGET = 16.4;
				MTL_ENABLE_DEBUG_INFO = NO;
				MTL_FAST_MATH = YES;
				SDKROOT = iphoneos;
				SWIFT_COMPILATION_MODE = wholemodule;
				SWIFT_OPTIMIZATION_LEVEL = "-O";
				VALIDATE_PRODUCT = YES;
			};
			name = Release;
		};
		D79C35FF2A1E0FBD00FAF987 /* Debug */ = {
			isa = XCBuildConfiguration;
			buildSettings = {
				ASSETCATALOG_COMPILER_APPICON_NAME = AppIcon;
				ASSETCATALOG_COMPILER_GLOBAL_ACCENT_COLOR_NAME = AccentColor;
				CODE_SIGN_STYLE = Automatic;
				CURRENT_PROJECT_VERSION = 1;
				DEVELOPMENT_ASSET_PATHS = "\"MCCamera/Preview Content\"";
				DEVELOPMENT_TEAM = 5BU7UB3WPZ;
				ENABLE_PREVIEWS = YES;
				GENERATE_INFOPLIST_FILE = YES;
				INFOPLIST_FILE = MCCamera/Info.plist;
				INFOPLIST_KEY_CFBundleDisplayName = Wemage;
				INFOPLIST_KEY_LSApplicationCategoryType = "";
				INFOPLIST_KEY_NSCameraUsageDescription = "카메라 사용 동의?";
				INFOPLIST_KEY_NSLocalNetworkUsageDescription = "네트워크 동의?";
				INFOPLIST_KEY_NSLocationWhenInUseUsageDescription = "위치동의?";
				INFOPLIST_KEY_NSPhotoLibraryAddUsageDescription = "사진 추가 동의?";
				INFOPLIST_KEY_UIApplicationSceneManifest_Generation = YES;
				INFOPLIST_KEY_UIApplicationSupportsIndirectInputEvents = YES;
				INFOPLIST_KEY_UILaunchScreen_Generation = YES;
				INFOPLIST_KEY_UISupportedInterfaceOrientations_iPad = "UIInterfaceOrientationPortrait UIInterfaceOrientationPortraitUpsideDown UIInterfaceOrientationLandscapeLeft UIInterfaceOrientationLandscapeRight";
				INFOPLIST_KEY_UISupportedInterfaceOrientations_iPhone = "UIInterfaceOrientationPortrait UIInterfaceOrientationLandscapeLeft UIInterfaceOrientationLandscapeRight";
				INFOPLIST_KEY_UIUserInterfaceStyle = Light;
				LD_RUNPATH_SEARCH_PATHS = (
					"$(inherited)",
					"@executable_path/Frameworks",
				);
				MARKETING_VERSION = 1.0;
				PRODUCT_BUNDLE_IDENTIFIER = cencivic.MCCamera;
				PRODUCT_NAME = "$(TARGET_NAME)";
				SWIFT_EMIT_LOC_STRINGS = YES;
				SWIFT_VERSION = 5.0;
				TARGETED_DEVICE_FAMILY = "1,2";
			};
			name = Debug;
		};
		D79C36002A1E0FBD00FAF987 /* Release */ = {
			isa = XCBuildConfiguration;
			buildSettings = {
				ASSETCATALOG_COMPILER_APPICON_NAME = AppIcon;
				ASSETCATALOG_COMPILER_GLOBAL_ACCENT_COLOR_NAME = AccentColor;
				CODE_SIGN_STYLE = Automatic;
				CURRENT_PROJECT_VERSION = 1;
				DEVELOPMENT_ASSET_PATHS = "\"MCCamera/Preview Content\"";
				DEVELOPMENT_TEAM = 5BU7UB3WPZ;
				ENABLE_PREVIEWS = YES;
				GENERATE_INFOPLIST_FILE = YES;
				INFOPLIST_FILE = MCCamera/Info.plist;
				INFOPLIST_KEY_CFBundleDisplayName = Wemage;
				INFOPLIST_KEY_LSApplicationCategoryType = "";
				INFOPLIST_KEY_NSCameraUsageDescription = "카메라 사용 동의?";
				INFOPLIST_KEY_NSLocalNetworkUsageDescription = "네트워크 동의?";
				INFOPLIST_KEY_NSLocationWhenInUseUsageDescription = "위치동의?";
				INFOPLIST_KEY_NSPhotoLibraryAddUsageDescription = "사진 추가 동의?";
				INFOPLIST_KEY_UIApplicationSceneManifest_Generation = YES;
				INFOPLIST_KEY_UIApplicationSupportsIndirectInputEvents = YES;
				INFOPLIST_KEY_UILaunchScreen_Generation = YES;
				INFOPLIST_KEY_UISupportedInterfaceOrientations_iPad = "UIInterfaceOrientationPortrait UIInterfaceOrientationPortraitUpsideDown UIInterfaceOrientationLandscapeLeft UIInterfaceOrientationLandscapeRight";
				INFOPLIST_KEY_UISupportedInterfaceOrientations_iPhone = "UIInterfaceOrientationPortrait UIInterfaceOrientationLandscapeLeft UIInterfaceOrientationLandscapeRight";
				INFOPLIST_KEY_UIUserInterfaceStyle = Light;
				LD_RUNPATH_SEARCH_PATHS = (
					"$(inherited)",
					"@executable_path/Frameworks",
				);
				MARKETING_VERSION = 1.0;
				PRODUCT_BUNDLE_IDENTIFIER = cencivic.MCCamera;
				PRODUCT_NAME = "$(TARGET_NAME)";
				SWIFT_EMIT_LOC_STRINGS = YES;
				SWIFT_VERSION = 5.0;
				TARGETED_DEVICE_FAMILY = "1,2";
			};
			name = Release;
		};
		D79C36022A1E0FBD00FAF987 /* Debug */ = {
			isa = XCBuildConfiguration;
			buildSettings = {
				ALWAYS_EMBED_SWIFT_STANDARD_LIBRARIES = YES;
				BUNDLE_LOADER = "$(TEST_HOST)";
				CODE_SIGN_STYLE = Automatic;
				CURRENT_PROJECT_VERSION = 1;
				DEVELOPMENT_TEAM = 5BU7UB3WPZ;
				GENERATE_INFOPLIST_FILE = YES;
				IPHONEOS_DEPLOYMENT_TARGET = 16.4;
				MARKETING_VERSION = 1.0;
				PRODUCT_BUNDLE_IDENTIFIER = cencivic.MCCameraTests;
				PRODUCT_NAME = "$(TARGET_NAME)";
				SWIFT_EMIT_LOC_STRINGS = NO;
				SWIFT_VERSION = 5.0;
				TARGETED_DEVICE_FAMILY = "1,2";
				TEST_HOST = "$(BUILT_PRODUCTS_DIR)/MCCamera.app/$(BUNDLE_EXECUTABLE_FOLDER_PATH)/MCCamera";
			};
			name = Debug;
		};
		D79C36032A1E0FBD00FAF987 /* Release */ = {
			isa = XCBuildConfiguration;
			buildSettings = {
				ALWAYS_EMBED_SWIFT_STANDARD_LIBRARIES = YES;
				BUNDLE_LOADER = "$(TEST_HOST)";
				CODE_SIGN_STYLE = Automatic;
				CURRENT_PROJECT_VERSION = 1;
				DEVELOPMENT_TEAM = 5BU7UB3WPZ;
				GENERATE_INFOPLIST_FILE = YES;
				IPHONEOS_DEPLOYMENT_TARGET = 16.4;
				MARKETING_VERSION = 1.0;
				PRODUCT_BUNDLE_IDENTIFIER = cencivic.MCCameraTests;
				PRODUCT_NAME = "$(TARGET_NAME)";
				SWIFT_EMIT_LOC_STRINGS = NO;
				SWIFT_VERSION = 5.0;
				TARGETED_DEVICE_FAMILY = "1,2";
				TEST_HOST = "$(BUILT_PRODUCTS_DIR)/MCCamera.app/$(BUNDLE_EXECUTABLE_FOLDER_PATH)/MCCamera";
			};
			name = Release;
		};
		D79C36052A1E0FBD00FAF987 /* Debug */ = {
			isa = XCBuildConfiguration;
			buildSettings = {
				ALWAYS_EMBED_SWIFT_STANDARD_LIBRARIES = YES;
				CODE_SIGN_STYLE = Automatic;
				CURRENT_PROJECT_VERSION = 1;
				DEVELOPMENT_TEAM = 5BU7UB3WPZ;
				GENERATE_INFOPLIST_FILE = YES;
				MARKETING_VERSION = 1.0;
				PRODUCT_BUNDLE_IDENTIFIER = cencivic.MCCameraUITests;
				PRODUCT_NAME = "$(TARGET_NAME)";
				SWIFT_EMIT_LOC_STRINGS = NO;
				SWIFT_VERSION = 5.0;
				TARGETED_DEVICE_FAMILY = "1,2";
				TEST_TARGET_NAME = MCCamera;
			};
			name = Debug;
		};
		D79C36062A1E0FBD00FAF987 /* Release */ = {
			isa = XCBuildConfiguration;
			buildSettings = {
				ALWAYS_EMBED_SWIFT_STANDARD_LIBRARIES = YES;
				CODE_SIGN_STYLE = Automatic;
				CURRENT_PROJECT_VERSION = 1;
				DEVELOPMENT_TEAM = 5BU7UB3WPZ;
				GENERATE_INFOPLIST_FILE = YES;
				MARKETING_VERSION = 1.0;
				PRODUCT_BUNDLE_IDENTIFIER = cencivic.MCCameraUITests;
				PRODUCT_NAME = "$(TARGET_NAME)";
				SWIFT_EMIT_LOC_STRINGS = NO;
				SWIFT_VERSION = 5.0;
				TARGETED_DEVICE_FAMILY = "1,2";
				TEST_TARGET_NAME = MCCamera;
			};
			name = Release;
		};
/* End XCBuildConfiguration section */

/* Begin XCConfigurationList section */
		D79C35D52A1E0FBC00FAF987 /* Build configuration list for PBXProject "MCCamera" */ = {
			isa = XCConfigurationList;
			buildConfigurations = (
				D79C35FC2A1E0FBD00FAF987 /* Debug */,
				D79C35FD2A1E0FBD00FAF987 /* Release */,
			);
			defaultConfigurationIsVisible = 0;
			defaultConfigurationName = Release;
		};
		D79C35FE2A1E0FBD00FAF987 /* Build configuration list for PBXNativeTarget "MCCamera" */ = {
			isa = XCConfigurationList;
			buildConfigurations = (
				D79C35FF2A1E0FBD00FAF987 /* Debug */,
				D79C36002A1E0FBD00FAF987 /* Release */,
			);
			defaultConfigurationIsVisible = 0;
			defaultConfigurationName = Release;
		};
		D79C36012A1E0FBD00FAF987 /* Build configuration list for PBXNativeTarget "MCCameraTests" */ = {
			isa = XCConfigurationList;
			buildConfigurations = (
				D79C36022A1E0FBD00FAF987 /* Debug */,
				D79C36032A1E0FBD00FAF987 /* Release */,
			);
			defaultConfigurationIsVisible = 0;
			defaultConfigurationName = Release;
		};
		D79C36042A1E0FBD00FAF987 /* Build configuration list for PBXNativeTarget "MCCameraUITests" */ = {
			isa = XCConfigurationList;
			buildConfigurations = (
				D79C36052A1E0FBD00FAF987 /* Debug */,
				D79C36062A1E0FBD00FAF987 /* Release */,
			);
			defaultConfigurationIsVisible = 0;
			defaultConfigurationName = Release;
		};
/* End XCConfigurationList section */
	};
	rootObject = D79C35D22A1E0FBC00FAF987 /* Project object */;
}
